
Microsoft Visual Studio Solution File, Format Version 12.00
# Visual Studio Version 16
VisualStudioVersion = 16.0.32106.194
MinimumVisualStudioVersion = 10.0.40219.1
Project("{FAE04EC0-301F-11D3-BF4B-00C04F79EFBC}") = "Word calculator", "Word calculator\Word calculator.csproj", "{46F89F2D-DB3C-4CFD-ACF4-05B766D92CA1}"
EndProject
Global
	GlobalSection(SolutionConfigurationPlatforms) = preSolution
		Debug|Any CPU = Debug|Any CPU
		Release|Any CPU = Release|Any CPU
	EndGlobalSection
	GlobalSection(ProjectConfigurationPlatforms) = postSolution
		{46F89F2D-DB3C-4CFD-ACF4-05B766D92CA1}.Debug|Any CPU.ActiveCfg = Debug|Any CPU
		{46F89F2D-DB3C-4CFD-ACF4-05B766D92CA1}.Debug|Any CPU.Build.0 = Debug|Any CPU
		{46F89F2D-DB3C-4CFD-ACF4-05B766D92CA1}.Release|Any CPU.ActiveCfg = Release|Any CPU
		{46F89F2D-DB3C-4CFD-ACF4-05B766D92CA1}.Release|Any CPU.Build.0 = Release|Any CPU
	EndGlobalSection
	GlobalSection(SolutionProperties) = preSolution
		HideSolutionNode = FALSE
	EndGlobalSection
	GlobalSection(ExtensibilityGlobals) = postSolution
		SolutionGuid = {3C26BF70-3482-4284-AF03-45E9F0606366}
	EndGlobalSection
EndGlobal
